
Microsoft Visual Studio Solution File, Format Version 12.00
# Visual Studio Version 16
VisualStudioVersion = 16.0.30011.22
MinimumVisualStudioVersion = 10.0.40219.1
Project("{9A19103F-16F7-4668-BE54-9A1E7A4F7556}") = "Bar.API", "Bar.API\Bar.API.csproj", "{B65043C0-CBE7-4F9D-AE24-580A9381F452}"
EndProject
Project("{2150E333-8FDC-42A3-9474-1A3956D46DE8}") = "Bar.MobileUI", "Bar.MobileUI", "{21FACB47-9CEA-4565-9075-D1745907A77C}"
EndProject
Project("{9A19103F-16F7-4668-BE54-9A1E7A4F7556}") = "Bar.Models", "Bar.Models\Bar.Models.csproj", "{FA0BD351-A5E1-48B6-870F-B763C46C695D}"
EndProject
Project("{FAE04EC0-301F-11D3-BF4B-00C04F79EFBC}") = "Bar.Mobile.UWP", "Bar.Mobile\Bar.Mobile.UWP\Bar.Mobile.UWP.csproj", "{E7F0E797-972D-49B5-8CC1-54614AF0170B}"
EndProject
Project("{FAE04EC0-301F-11D3-BF4B-00C04F79EFBC}") = "Bar.Mobile.Android", "Bar.Mobile\Bar.Mobile.Android\Bar.Mobile.Android.csproj", "{FBEADB93-8297-45BE-85B7-CA94E6B496AF}"
EndProject
Project("{FAE04EC0-301F-11D3-BF4B-00C04F79EFBC}") = "Bar.Mobile.iOS", "Bar.Mobile\Bar.Mobile.iOS\Bar.Mobile.iOS.csproj", "{0E4F6919-4088-421B-9958-D1D02F7788A2}"
EndProject
Project("{9A19103F-16F7-4668-BE54-9A1E7A4F7556}") = "Bar.Mobile", "Bar.Mobile\Bar.Mobile\Bar.Mobile.csproj", "{075F7498-D247-44CD-ADBE-086BEB8C21A1}"
EndProject
Project("{FAE04EC0-301F-11D3-BF4B-00C04F79EFBC}") = "Bar.Infrastructure", "Bar.Infrastructure\Bar.Infrastructure.csproj", "{2AB57855-FA78-426C-8A28-ADA4665E5168}"
EndProject
Project("{FAE04EC0-301F-11D3-BF4B-00C04F79EFBC}") = "Bar.Database", "Bar.Database\Bar.Database.csproj", "{C5C6AAE4-BC3D-449D-A705-7D0CE170004D}"
EndProject
Global
	GlobalSection(SolutionConfigurationPlatforms) = preSolution
		Debug|Any CPU = Debug|Any CPU
		Debug|ARM = Debug|ARM
		Debug|iPhone = Debug|iPhone
		Debug|iPhoneSimulator = Debug|iPhoneSimulator
		Debug|x64 = Debug|x64
		Debug|x86 = Debug|x86
		Release|Any CPU = Release|Any CPU
		Release|ARM = Release|ARM
		Release|iPhone = Release|iPhone
		Release|iPhoneSimulator = Release|iPhoneSimulator
		Release|x64 = Release|x64
		Release|x86 = Release|x86
	EndGlobalSection
	GlobalSection(ProjectConfigurationPlatforms) = postSolution
		{B65043C0-CBE7-4F9D-AE24-580A9381F452}.Debug|Any CPU.ActiveCfg = Debug|Any CPU
		{B65043C0-CBE7-4F9D-AE24-580A9381F452}.Debug|Any CPU.Build.0 = Debug|Any CPU
		{B65043C0-CBE7-4F9D-AE24-580A9381F452}.Debug|ARM.ActiveCfg = Debug|Any CPU
		{B65043C0-CBE7-4F9D-AE24-580A9381F452}.Debug|ARM.Build.0 = Debug|Any CPU
		{B65043C0-CBE7-4F9D-AE24-580A9381F452}.Debug|iPhone.ActiveCfg = Debug|Any CPU
		{B65043C0-CBE7-4F9D-AE24-580A9381F452}.Debug|iPhone.Build.0 = Debug|Any CPU
		{B65043C0-CBE7-4F9D-AE24-580A9381F452}.Debug|iPhoneSimulator.ActiveCfg = Debug|Any CPU
		{B65043C0-CBE7-4F9D-AE24-580A9381F452}.Debug|iPhoneSimulator.Build.0 = Debug|Any CPU
		{B65043C0-CBE7-4F9D-AE24-580A9381F452}.Debug|x64.ActiveCfg = Debug|Any CPU
		{B65043C0-CBE7-4F9D-AE24-580A9381F452}.Debug|x64.Build.0 = Debug|Any CPU
		{B65043C0-CBE7-4F9D-AE24-580A9381F452}.Debug|x86.ActiveCfg = Debug|Any CPU
		{B65043C0-CBE7-4F9D-AE24-580A9381F452}.Debug|x86.Build.0 = Debug|Any CPU
		{B65043C0-CBE7-4F9D-AE24-580A9381F452}.Release|Any CPU.ActiveCfg = Release|Any CPU
		{B65043C0-CBE7-4F9D-AE24-580A9381F452}.Release|Any CPU.Build.0 = Release|Any CPU
		{B65043C0-CBE7-4F9D-AE24-580A9381F452}.Release|ARM.ActiveCfg = Release|Any CPU
		{B65043C0-CBE7-4F9D-AE24-580A9381F452}.Release|ARM.Build.0 = Release|Any CPU
		{B65043C0-CBE7-4F9D-AE24-580A9381F452}.Release|iPhone.ActiveCfg = Release|Any CPU
		{B65043C0-CBE7-4F9D-AE24-580A9381F452}.Release|iPhone.Build.0 = Release|Any CPU
		{B65043C0-CBE7-4F9D-AE24-580A9381F452}.Release|iPhoneSimulator.ActiveCfg = Release|Any CPU
		{B65043C0-CBE7-4F9D-AE24-580A9381F452}.Release|iPhoneSimulator.Build.0 = Release|Any CPU
		{B65043C0-CBE7-4F9D-AE24-580A9381F452}.Release|x64.ActiveCfg = Release|Any CPU
		{B65043C0-CBE7-4F9D-AE24-580A9381F452}.Release|x64.Build.0 = Release|Any CPU
		{B65043C0-CBE7-4F9D-AE24-580A9381F452}.Release|x86.ActiveCfg = Release|Any CPU
		{B65043C0-CBE7-4F9D-AE24-580A9381F452}.Release|x86.Build.0 = Release|Any CPU
		{FA0BD351-A5E1-48B6-870F-B763C46C695D}.Debug|Any CPU.ActiveCfg = Debug|Any CPU
		{FA0BD351-A5E1-48B6-870F-B763C46C695D}.Debug|Any CPU.Build.0 = Debug|Any CPU
		{FA0BD351-A5E1-48B6-870F-B763C46C695D}.Debug|ARM.ActiveCfg = Debug|Any CPU
		{FA0BD351-A5E1-48B6-870F-B763C46C695D}.Debug|ARM.Build.0 = Debug|Any CPU
		{FA0BD351-A5E1-48B6-870F-B763C46C695D}.Debug|iPhone.ActiveCfg = Debug|Any CPU
		{FA0BD351-A5E1-48B6-870F-B763C46C695D}.Debug|iPhone.Build.0 = Debug|Any CPU
		{FA0BD351-A5E1-48B6-870F-B763C46C695D}.Debug|iPhoneSimulator.ActiveCfg = Debug|Any CPU
		{FA0BD351-A5E1-48B6-870F-B763C46C695D}.Debug|iPhoneSimulator.Build.0 = Debug|Any CPU
		{FA0BD351-A5E1-48B6-870F-B763C46C695D}.Debug|x64.ActiveCfg = Debug|Any CPU
		{FA0BD351-A5E1-48B6-870F-B763C46C695D}.Debug|x64.Build.0 = Debug|Any CPU
		{FA0BD351-A5E1-48B6-870F-B763C46C695D}.Debug|x86.ActiveCfg = Debug|Any CPU
		{FA0BD351-A5E1-48B6-870F-B763C46C695D}.Debug|x86.Build.0 = Debug|Any CPU
		{FA0BD351-A5E1-48B6-870F-B763C46C695D}.Release|Any CPU.ActiveCfg = Release|Any CPU
		{FA0BD351-A5E1-48B6-870F-B763C46C695D}.Release|Any CPU.Build.0 = Release|Any CPU
		{FA0BD351-A5E1-48B6-870F-B763C46C695D}.Release|ARM.ActiveCfg = Release|Any CPU
		{FA0BD351-A5E1-48B6-870F-B763C46C695D}.Release|ARM.Build.0 = Release|Any CPU
		{FA0BD351-A5E1-48B6-870F-B763C46C695D}.Release|iPhone.ActiveCfg = Release|Any CPU
		{FA0BD351-A5E1-48B6-870F-B763C46C695D}.Release|iPhone.Build.0 = Release|Any CPU
		{FA0BD351-A5E1-48B6-870F-B763C46C695D}.Release|iPhoneSimulator.ActiveCfg = Release|Any CPU
		{FA0BD351-A5E1-48B6-870F-B763C46C695D}.Release|iPhoneSimulator.Build.0 = Release|Any CPU
		{FA0BD351-A5E1-48B6-870F-B763C46C695D}.Release|x64.ActiveCfg = Release|Any CPU
		{FA0BD351-A5E1-48B6-870F-B763C46C695D}.Release|x64.Build.0 = Release|Any CPU
		{FA0BD351-A5E1-48B6-870F-B763C46C695D}.Release|x86.ActiveCfg = Release|Any CPU
		{FA0BD351-A5E1-48B6-870F-B763C46C695D}.Release|x86.Build.0 = Release|Any CPU
		{E7F0E797-972D-49B5-8CC1-54614AF0170B}.Debug|Any CPU.ActiveCfg = Debug|x86
		{E7F0E797-972D-49B5-8CC1-54614AF0170B}.Debug|ARM.ActiveCfg = Debug|ARM
		{E7F0E797-972D-49B5-8CC1-54614AF0170B}.Debug|ARM.Build.0 = Debug|ARM
		{E7F0E797-972D-49B5-8CC1-54614AF0170B}.Debug|ARM.Deploy.0 = Debug|ARM
		{E7F0E797-972D-49B5-8CC1-54614AF0170B}.Debug|iPhone.ActiveCfg = Debug|x86
		{E7F0E797-972D-49B5-8CC1-54614AF0170B}.Debug|iPhoneSimulator.ActiveCfg = Debug|x86
		{E7F0E797-972D-49B5-8CC1-54614AF0170B}.Debug|x64.ActiveCfg = Debug|x64
		{E7F0E797-972D-49B5-8CC1-54614AF0170B}.Debug|x64.Build.0 = Debug|x64
		{E7F0E797-972D-49B5-8CC1-54614AF0170B}.Debug|x64.Deploy.0 = Debug|x64
		{E7F0E797-972D-49B5-8CC1-54614AF0170B}.Debug|x86.ActiveCfg = Debug|x86
		{E7F0E797-972D-49B5-8CC1-54614AF0170B}.Debug|x86.Build.0 = Debug|x86
		{E7F0E797-972D-49B5-8CC1-54614AF0170B}.Debug|x86.Deploy.0 = Debug|x86
		{E7F0E797-972D-49B5-8CC1-54614AF0170B}.Release|Any CPU.ActiveCfg = Release|x86
		{E7F0E797-972D-49B5-8CC1-54614AF0170B}.Release|ARM.ActiveCfg = Release|ARM
		{E7F0E797-972D-49B5-8CC1-54614AF0170B}.Release|ARM.Build.0 = Release|ARM
		{E7F0E797-972D-49B5-8CC1-54614AF0170B}.Release|ARM.Deploy.0 = Release|ARM
		{E7F0E797-972D-49B5-8CC1-54614AF0170B}.Release|iPhone.ActiveCfg = Release|x86
		{E7F0E797-972D-49B5-8CC1-54614AF0170B}.Release|iPhoneSimulator.ActiveCfg = Release|x86
		{E7F0E797-972D-49B5-8CC1-54614AF0170B}.Release|x64.ActiveCfg = Release|x64
		{E7F0E797-972D-49B5-8CC1-54614AF0170B}.Release|x64.Build.0 = Release|x64
		{E7F0E797-972D-49B5-8CC1-54614AF0170B}.Release|x64.Deploy.0 = Release|x64
		{E7F0E797-972D-49B5-8CC1-54614AF0170B}.Release|x86.ActiveCfg = Release|x86
		{E7F0E797-972D-49B5-8CC1-54614AF0170B}.Release|x86.Build.0 = Release|x86
		{E7F0E797-972D-49B5-8CC1-54614AF0170B}.Release|x86.Deploy.0 = Release|x86
		{FBEADB93-8297-45BE-85B7-CA94E6B496AF}.Debug|Any CPU.ActiveCfg = Debug|Any CPU
		{FBEADB93-8297-45BE-85B7-CA94E6B496AF}.Debug|Any CPU.Build.0 = Debug|Any CPU
		{FBEADB93-8297-45BE-85B7-CA94E6B496AF}.Debug|Any CPU.Deploy.0 = Debug|Any CPU
		{FBEADB93-8297-45BE-85B7-CA94E6B496AF}.Debug|ARM.ActiveCfg = Debug|Any CPU
		{FBEADB93-8297-45BE-85B7-CA94E6B496AF}.Debug|ARM.Build.0 = Debug|Any CPU
		{FBEADB93-8297-45BE-85B7-CA94E6B496AF}.Debug|ARM.Deploy.0 = Debug|Any CPU
		{FBEADB93-8297-45BE-85B7-CA94E6B496AF}.Debug|iPhone.ActiveCfg = Debug|Any CPU
		{FBEADB93-8297-45BE-85B7-CA94E6B496AF}.Debug|iPhone.Build.0 = Debug|Any CPU
		{FBEADB93-8297-45BE-85B7-CA94E6B496AF}.Debug|iPhone.Deploy.0 = Debug|Any CPU
		{FBEADB93-8297-45BE-85B7-CA94E6B496AF}.Debug|iPhoneSimulator.ActiveCfg = Debug|Any CPU
		{FBEADB93-8297-45BE-85B7-CA94E6B496AF}.Debug|iPhoneSimulator.Build.0 = Debug|Any CPU
		{FBEADB93-8297-45BE-85B7-CA94E6B496AF}.Debug|iPhoneSimulator.Deploy.0 = Debug|Any CPU
		{FBEADB93-8297-45BE-85B7-CA94E6B496AF}.Debug|x64.ActiveCfg = Debug|Any CPU
		{FBEADB93-8297-45BE-85B7-CA94E6B496AF}.Debug|x64.Build.0 = Debug|Any CPU
		{FBEADB93-8297-45BE-85B7-CA94E6B496AF}.Debug|x64.Deploy.0 = Debug|Any CPU
		{FBEADB93-8297-45BE-85B7-CA94E6B496AF}.Debug|x86.ActiveCfg = Debug|Any CPU
		{FBEADB93-8297-45BE-85B7-CA94E6B496AF}.Debug|x86.Build.0 = Debug|Any CPU
		{FBEADB93-8297-45BE-85B7-CA94E6B496AF}.Debug|x86.Deploy.0 = Debug|Any CPU
		{FBEADB93-8297-45BE-85B7-CA94E6B496AF}.Release|Any CPU.ActiveCfg = Release|Any CPU
		{FBEADB93-8297-45BE-85B7-CA94E6B496AF}.Release|Any CPU.Build.0 = Release|Any CPU
		{FBEADB93-8297-45BE-85B7-CA94E6B496AF}.Release|Any CPU.Deploy.0 = Release|Any CPU
		{FBEADB93-8297-45BE-85B7-CA94E6B496AF}.Release|ARM.ActiveCfg = Release|Any CPU
		{FBEADB93-8297-45BE-85B7-CA94E6B496AF}.Release|ARM.Build.0 = Release|Any CPU
		{FBEADB93-8297-45BE-85B7-CA94E6B496AF}.Release|ARM.Deploy.0 = Release|Any CPU
		{FBEADB93-8297-45BE-85B7-CA94E6B496AF}.Release|iPhone.ActiveCfg = Release|Any CPU
		{FBEADB93-8297-45BE-85B7-CA94E6B496AF}.Release|iPhone.Build.0 = Release|Any CPU
		{FBEADB93-8297-45BE-85B7-CA94E6B496AF}.Release|iPhone.Deploy.0 = Release|Any CPU
		{FBEADB93-8297-45BE-85B7-CA94E6B496AF}.Release|iPhoneSimulator.ActiveCfg = Release|Any CPU
		{FBEADB93-8297-45BE-85B7-CA94E6B496AF}.Release|iPhoneSimulator.Build.0 = Release|Any CPU
		{FBEADB93-8297-45BE-85B7-CA94E6B496AF}.Release|iPhoneSimulator.Deploy.0 = Release|Any CPU
		{FBEADB93-8297-45BE-85B7-CA94E6B496AF}.Release|x64.ActiveCfg = Release|Any CPU
		{FBEADB93-8297-45BE-85B7-CA94E6B496AF}.Release|x64.Build.0 = Release|Any CPU
		{FBEADB93-8297-45BE-85B7-CA94E6B496AF}.Release|x64.Deploy.0 = Release|Any CPU
		{FBEADB93-8297-45BE-85B7-CA94E6B496AF}.Release|x86.ActiveCfg = Release|Any CPU
		{FBEADB93-8297-45BE-85B7-CA94E6B496AF}.Release|x86.Build.0 = Release|Any CPU
		{FBEADB93-8297-45BE-85B7-CA94E6B496AF}.Release|x86.Deploy.0 = Release|Any CPU
		{0E4F6919-4088-421B-9958-D1D02F7788A2}.Debug|Any CPU.ActiveCfg = Debug|iPhone
		{0E4F6919-4088-421B-9958-D1D02F7788A2}.Debug|ARM.ActiveCfg = Debug|iPhone
		{0E4F6919-4088-421B-9958-D1D02F7788A2}.Debug|iPhone.ActiveCfg = Debug|iPhone
		{0E4F6919-4088-421B-9958-D1D02F7788A2}.Debug|iPhone.Build.0 = Debug|iPhone
		{0E4F6919-4088-421B-9958-D1D02F7788A2}.Debug|iPhoneSimulator.ActiveCfg = Debug|iPhoneSimulator
		{0E4F6919-4088-421B-9958-D1D02F7788A2}.Debug|iPhoneSimulator.Build.0 = Debug|iPhoneSimulator
		{0E4F6919-4088-421B-9958-D1D02F7788A2}.Debug|x64.ActiveCfg = Debug|iPhone
		{0E4F6919-4088-421B-9958-D1D02F7788A2}.Debug|x86.ActiveCfg = Debug|iPhone
		{0E4F6919-4088-421B-9958-D1D02F7788A2}.Release|Any CPU.ActiveCfg = Release|iPhone
		{0E4F6919-4088-421B-9958-D1D02F7788A2}.Release|ARM.ActiveCfg = Release|iPhone
		{0E4F6919-4088-421B-9958-D1D02F7788A2}.Release|iPhone.ActiveCfg = Release|iPhone
		{0E4F6919-4088-421B-9958-D1D02F7788A2}.Release|iPhone.Build.0 = Release|iPhone
		{0E4F6919-4088-421B-9958-D1D02F7788A2}.Release|iPhoneSimulator.ActiveCfg = Release|iPhoneSimulator
		{0E4F6919-4088-421B-9958-D1D02F7788A2}.Release|iPhoneSimulator.Build.0 = Release|iPhoneSimulator
		{0E4F6919-4088-421B-9958-D1D02F7788A2}.Release|x64.ActiveCfg = Release|iPhone
		{0E4F6919-4088-421B-9958-D1D02F7788A2}.Release|x86.ActiveCfg = Release|iPhone
		{075F7498-D247-44CD-ADBE-086BEB8C21A1}.Debug|Any CPU.ActiveCfg = Debug|Any CPU
		{075F7498-D247-44CD-ADBE-086BEB8C21A1}.Debug|Any CPU.Build.0 = Debug|Any CPU
		{075F7498-D247-44CD-ADBE-086BEB8C21A1}.Debug|ARM.ActiveCfg = Debug|Any CPU
		{075F7498-D247-44CD-ADBE-086BEB8C21A1}.Debug|ARM.Build.0 = Debug|Any CPU
		{075F7498-D247-44CD-ADBE-086BEB8C21A1}.Debug|iPhone.ActiveCfg = Debug|Any CPU
		{075F7498-D247-44CD-ADBE-086BEB8C21A1}.Debug|iPhone.Build.0 = Debug|Any CPU
		{075F7498-D247-44CD-ADBE-086BEB8C21A1}.Debug|iPhoneSimulator.ActiveCfg = Debug|Any CPU
		{075F7498-D247-44CD-ADBE-086BEB8C21A1}.Debug|iPhoneSimulator.Build.0 = Debug|Any CPU
		{075F7498-D247-44CD-ADBE-086BEB8C21A1}.Debug|x64.ActiveCfg = Debug|Any CPU
		{075F7498-D247-44CD-ADBE-086BEB8C21A1}.Debug|x64.Build.0 = Debug|Any CPU
		{075F7498-D247-44CD-ADBE-086BEB8C21A1}.Debug|x86.ActiveCfg = Debug|Any CPU
		{075F7498-D247-44CD-ADBE-086BEB8C21A1}.Debug|x86.Build.0 = Debug|Any CPU
		{075F7498-D247-44CD-ADBE-086BEB8C21A1}.Release|Any CPU.ActiveCfg = Release|Any CPU
		{075F7498-D247-44CD-ADBE-086BEB8C21A1}.Release|Any CPU.Build.0 = Release|Any CPU
		{075F7498-D247-44CD-ADBE-086BEB8C21A1}.Release|ARM.ActiveCfg = Release|Any CPU
		{075F7498-D247-44CD-ADBE-086BEB8C21A1}.Release|ARM.Build.0 = Release|Any CPU
		{075F7498-D247-44CD-ADBE-086BEB8C21A1}.Release|iPhone.ActiveCfg = Release|Any CPU
		{075F7498-D247-44CD-ADBE-086BEB8C21A1}.Release|iPhone.Build.0 = Release|Any CPU
		{075F7498-D247-44CD-ADBE-086BEB8C21A1}.Release|iPhoneSimulator.ActiveCfg = Release|Any CPU
		{075F7498-D247-44CD-ADBE-086BEB8C21A1}.Release|iPhoneSimulator.Build.0 = Release|Any CPU
		{075F7498-D247-44CD-ADBE-086BEB8C21A1}.Release|x64.ActiveCfg = Release|Any CPU
		{075F7498-D247-44CD-ADBE-086BEB8C21A1}.Release|x64.Build.0 = Release|Any CPU
		{075F7498-D247-44CD-ADBE-086BEB8C21A1}.Release|x86.ActiveCfg = Release|Any CPU
		{075F7498-D247-44CD-ADBE-086BEB8C21A1}.Release|x86.Build.0 = Release|Any CPU
		{2AB57855-FA78-426C-8A28-ADA4665E5168}.Debug|Any CPU.ActiveCfg = Debug|Any CPU
		{2AB57855-FA78-426C-8A28-ADA4665E5168}.Debug|Any CPU.Build.0 = Debug|Any CPU
		{2AB57855-FA78-426C-8A28-ADA4665E5168}.Debug|ARM.ActiveCfg = Debug|Any CPU
		{2AB57855-FA78-426C-8A28-ADA4665E5168}.Debug|ARM.Build.0 = Debug|Any CPU
		{2AB57855-FA78-426C-8A28-ADA4665E5168}.Debug|iPhone.ActiveCfg = Debug|Any CPU
		{2AB57855-FA78-426C-8A28-ADA4665E5168}.Debug|iPhone.Build.0 = Debug|Any CPU
		{2AB57855-FA78-426C-8A28-ADA4665E5168}.Debug|iPhoneSimulator.ActiveCfg = Debug|Any CPU
		{2AB57855-FA78-426C-8A28-ADA4665E5168}.Debug|iPhoneSimulator.Build.0 = Debug|Any CPU
		{2AB57855-FA78-426C-8A28-ADA4665E5168}.Debug|x64.ActiveCfg = Debug|Any CPU
		{2AB57855-FA78-426C-8A28-ADA4665E5168}.Debug|x64.Build.0 = Debug|Any CPU
		{2AB57855-FA78-426C-8A28-ADA4665E5168}.Debug|x86.ActiveCfg = Debug|Any CPU
		{2AB57855-FA78-426C-8A28-ADA4665E5168}.Debug|x86.Build.0 = Debug|Any CPU
		{2AB57855-FA78-426C-8A28-ADA4665E5168}.Release|Any CPU.ActiveCfg = Release|Any CPU
		{2AB57855-FA78-426C-8A28-ADA4665E5168}.Release|Any CPU.Build.0 = Release|Any CPU
		{2AB57855-FA78-426C-8A28-ADA4665E5168}.Release|ARM.ActiveCfg = Release|Any CPU
		{2AB57855-FA78-426C-8A28-ADA4665E5168}.Release|ARM.Build.0 = Release|Any CPU
		{2AB57855-FA78-426C-8A28-ADA4665E5168}.Release|iPhone.ActiveCfg = Release|Any CPU
		{2AB57855-FA78-426C-8A28-ADA4665E5168}.Release|iPhone.Build.0 = Release|Any CPU
		{2AB57855-FA78-426C-8A28-ADA4665E5168}.Release|iPhoneSimulator.ActiveCfg = Release|Any CPU
		{2AB57855-FA78-426C-8A28-ADA4665E5168}.Release|iPhoneSimulator.Build.0 = Release|Any CPU
		{2AB57855-FA78-426C-8A28-ADA4665E5168}.Release|x64.ActiveCfg = Release|Any CPU
		{2AB57855-FA78-426C-8A28-ADA4665E5168}.Release|x64.Build.0 = Release|Any CPU
		{2AB57855-FA78-426C-8A28-ADA4665E5168}.Release|x86.ActiveCfg = Release|Any CPU
		{2AB57855-FA78-426C-8A28-ADA4665E5168}.Release|x86.Build.0 = Release|Any CPU
		{C5C6AAE4-BC3D-449D-A705-7D0CE170004D}.Debug|Any CPU.ActiveCfg = Debug|Any CPU
		{C5C6AAE4-BC3D-449D-A705-7D0CE170004D}.Debug|Any CPU.Build.0 = Debug|Any CPU
		{C5C6AAE4-BC3D-449D-A705-7D0CE170004D}.Debug|ARM.ActiveCfg = Debug|Any CPU
		{C5C6AAE4-BC3D-449D-A705-7D0CE170004D}.Debug|ARM.Build.0 = Debug|Any CPU
		{C5C6AAE4-BC3D-449D-A705-7D0CE170004D}.Debug|iPhone.ActiveCfg = Debug|Any CPU
		{C5C6AAE4-BC3D-449D-A705-7D0CE170004D}.Debug|iPhone.Build.0 = Debug|Any CPU
		{C5C6AAE4-BC3D-449D-A705-7D0CE170004D}.Debug|iPhoneSimulator.ActiveCfg = Debug|Any CPU
		{C5C6AAE4-BC3D-449D-A705-7D0CE170004D}.Debug|iPhoneSimulator.Build.0 = Debug|Any CPU
		{C5C6AAE4-BC3D-449D-A705-7D0CE170004D}.Debug|x64.ActiveCfg = Debug|Any CPU
		{C5C6AAE4-BC3D-449D-A705-7D0CE170004D}.Debug|x64.Build.0 = Debug|Any CPU
		{C5C6AAE4-BC3D-449D-A705-7D0CE170004D}.Debug|x86.ActiveCfg = Debug|Any CPU
		{C5C6AAE4-BC3D-449D-A705-7D0CE170004D}.Debug|x86.Build.0 = Debug|Any CPU
		{C5C6AAE4-BC3D-449D-A705-7D0CE170004D}.Release|Any CPU.ActiveCfg = Release|Any CPU
		{C5C6AAE4-BC3D-449D-A705-7D0CE170004D}.Release|Any CPU.Build.0 = Release|Any CPU
		{C5C6AAE4-BC3D-449D-A705-7D0CE170004D}.Release|ARM.ActiveCfg = Release|Any CPU
		{C5C6AAE4-BC3D-449D-A705-7D0CE170004D}.Release|ARM.Build.0 = Release|Any CPU
		{C5C6AAE4-BC3D-449D-A705-7D0CE170004D}.Release|iPhone.ActiveCfg = Release|Any CPU
		{C5C6AAE4-BC3D-449D-A705-7D0CE170004D}.Release|iPhone.Build.0 = Release|Any CPU
		{C5C6AAE4-BC3D-449D-A705-7D0CE170004D}.Release|iPhoneSimulator.ActiveCfg = Release|Any CPU
		{C5C6AAE4-BC3D-449D-A705-7D0CE170004D}.Release|iPhoneSimulator.Build.0 = Release|Any CPU
		{C5C6AAE4-BC3D-449D-A705-7D0CE170004D}.Release|x64.ActiveCfg = Release|Any CPU
		{C5C6AAE4-BC3D-449D-A705-7D0CE170004D}.Release|x64.Build.0 = Release|Any CPU
		{C5C6AAE4-BC3D-449D-A705-7D0CE170004D}.Release|x86.ActiveCfg = Release|Any CPU
		{C5C6AAE4-BC3D-449D-A705-7D0CE170004D}.Release|x86.Build.0 = Release|Any CPU
	EndGlobalSection
	GlobalSection(SolutionProperties) = preSolution
		HideSolutionNode = FALSE
	EndGlobalSection
	GlobalSection(NestedProjects) = preSolution
		{E7F0E797-972D-49B5-8CC1-54614AF0170B} = {21FACB47-9CEA-4565-9075-D1745907A77C}
		{FBEADB93-8297-45BE-85B7-CA94E6B496AF} = {21FACB47-9CEA-4565-9075-D1745907A77C}
		{0E4F6919-4088-421B-9958-D1D02F7788A2} = {21FACB47-9CEA-4565-9075-D1745907A77C}
		{075F7498-D247-44CD-ADBE-086BEB8C21A1} = {21FACB47-9CEA-4565-9075-D1745907A77C}
	EndGlobalSection
	GlobalSection(ExtensibilityGlobals) = postSolution
		SolutionGuid = {A140D239-8B5F-4158-AA29-37CDF31D456C}
	EndGlobalSection
EndGlobal
